
Microsoft Visual Studio Solution File, Format Version 12.00
# Visual Studio Version 17
VisualStudioVersion = 17.3.32825.248
MinimumVisualStudioVersion = 10.0.40219.1
Project("{9A19103F-16F7-4668-BE54-9A1E7A4F7556}") = "Invoice.Services.API", "Invoice.Services.API\Invoice.Services.API.csproj", "{845F1CDA-84D3-42BB-B289-45C05A9E8B0C}"
EndProject
Project("{9A19103F-16F7-4668-BE54-9A1E7A4F7556}") = "Invoice.Applicaion", "Invoice.Applicaion\Invoice.Applicaion.csproj", "{49844AF0-DF38-4EE3-8E01-457C50A09BD9}"
EndProject
Project("{9A19103F-16F7-4668-BE54-9A1E7A4F7556}") = "Invoice.Domain", "Invoice.Domain\Invoice.Domain.csproj", "{13643D87-C83C-4A9B-92AB-7845C0D0DCB6}"
EndProject
Project("{9A19103F-16F7-4668-BE54-9A1E7A4F7556}") = "Invoice.Infra.Data", "Invoice.Infra.Data\Invoice.Infra.Data.csproj", "{6BB16D08-3583-435B-81DF-8EF62EF309F5}"
EndProject
Project("{9A19103F-16F7-4668-BE54-9A1E7A4F7556}") = "EmailSendingService", "EmailSendingService\EmailSendingService.csproj", "{461801C0-0454-42C6-9064-0D249C23E2E2}"
EndProject
Global
	GlobalSection(SolutionConfigurationPlatforms) = preSolution
		Debug|Any CPU = Debug|Any CPU
		Release|Any CPU = Release|Any CPU
	EndGlobalSection
	GlobalSection(ProjectConfigurationPlatforms) = postSolution
		{845F1CDA-84D3-42BB-B289-45C05A9E8B0C}.Debug|Any CPU.ActiveCfg = Debug|Any CPU
		{845F1CDA-84D3-42BB-B289-45C05A9E8B0C}.Debug|Any CPU.Build.0 = Debug|Any CPU
		{845F1CDA-84D3-42BB-B289-45C05A9E8B0C}.Release|Any CPU.ActiveCfg = Release|Any CPU
		{845F1CDA-84D3-42BB-B289-45C05A9E8B0C}.Release|Any CPU.Build.0 = Release|Any CPU
		{49844AF0-DF38-4EE3-8E01-457C50A09BD9}.Debug|Any CPU.ActiveCfg = Debug|Any CPU
		{49844AF0-DF38-4EE3-8E01-457C50A09BD9}.Debug|Any CPU.Build.0 = Debug|Any CPU
		{49844AF0-DF38-4EE3-8E01-457C50A09BD9}.Release|Any CPU.ActiveCfg = Release|Any CPU
		{49844AF0-DF38-4EE3-8E01-457C50A09BD9}.Release|Any CPU.Build.0 = Release|Any CPU
		{13643D87-C83C-4A9B-92AB-7845C0D0DCB6}.Debug|Any CPU.ActiveCfg = Debug|Any CPU
		{13643D87-C83C-4A9B-92AB-7845C0D0DCB6}.Debug|Any CPU.Build.0 = Debug|Any CPU
		{13643D87-C83C-4A9B-92AB-7845C0D0DCB6}.Release|Any CPU.ActiveCfg = Release|Any CPU
		{13643D87-C83C-4A9B-92AB-7845C0D0DCB6}.Release|Any CPU.Build.0 = Release|Any CPU
		{6BB16D08-3583-435B-81DF-8EF62EF309F5}.Debug|Any CPU.ActiveCfg = Debug|Any CPU
		{6BB16D08-3583-435B-81DF-8EF62EF309F5}.Debug|Any CPU.Build.0 = Debug|Any CPU
		{6BB16D08-3583-435B-81DF-8EF62EF309F5}.Release|Any CPU.ActiveCfg = Release|Any CPU
		{6BB16D08-3583-435B-81DF-8EF62EF309F5}.Release|Any CPU.Build.0 = Release|Any CPU
		{461801C0-0454-42C6-9064-0D249C23E2E2}.Debug|Any CPU.ActiveCfg = Debug|Any CPU
		{461801C0-0454-42C6-9064-0D249C23E2E2}.Debug|Any CPU.Build.0 = Debug|Any CPU
		{461801C0-0454-42C6-9064-0D249C23E2E2}.Release|Any CPU.ActiveCfg = Release|Any CPU
		{461801C0-0454-42C6-9064-0D249C23E2E2}.Release|Any CPU.Build.0 = Release|Any CPU
	EndGlobalSection
	GlobalSection(SolutionProperties) = preSolution
		HideSolutionNode = FALSE
	EndGlobalSection
	GlobalSection(ExtensibilityGlobals) = postSolution
		SolutionGuid = {2176CD5C-99F2-4042-9D26-E4F2F9B4E425}
	EndGlobalSection
EndGlobal
